
Microsoft Visual Studio Solution File, Format Version 12.00
# Visual Studio 15
VisualStudioVersion = 15.0.27130.2010
MinimumVisualStudioVersion = 10.0.40219.1
Project("{FAE04EC0-301F-11D3-BF4B-00C04F79EFBC}") = "libKeyFinder.NET.CLI", "libKeyFinder.NET.CLI\libKeyFinder.NET.CLI.csproj", "{8D7C9E49-6513-4C58-AA6A-5724D67E38D5}"
EndProject
Global
	GlobalSection(SolutionConfigurationPlatforms) = preSolution
		Debug|Any CPU = Debug|Any CPU
		Release|Any CPU = Release|Any CPU
	EndGlobalSection
	GlobalSection(ProjectConfigurationPlatforms) = postSolution
		{8D7C9E49-6513-4C58-AA6A-5724D67E38D5}.Debug|Any CPU.ActiveCfg = Debug|Any CPU
		{8D7C9E49-6513-4C58-AA6A-5724D67E38D5}.Debug|Any CPU.Build.0 = Debug|Any CPU
		{8D7C9E49-6513-4C58-AA6A-5724D67E38D5}.Release|Any CPU.ActiveCfg = Release|Any CPU
		{8D7C9E49-6513-4C58-AA6A-5724D67E38D5}.Release|Any CPU.Build.0 = Release|Any CPU
	EndGlobalSection
	GlobalSection(SolutionProperties) = preSolution
		HideSolutionNode = FALSE
	EndGlobalSection
	GlobalSection(ExtensibilityGlobals) = postSolution
		SolutionGuid = {E15FF3DA-0EAD-4CA7-B10D-063410E5B86D}
	EndGlobalSection
EndGlobal
